{
  "name": "i-manage",
  "lockfileVersion": 3,
  "requires": true,
  "packages": {
    "": {
      "devDependencies": {
        "@types/html2pdf.js": "^0.10.0"
      }
    },
    "node_modules/@types/html2pdf.js": {
      "version": "0.10.0",
      "resolved": "https://registry.npmjs.org/@types/html2pdf.js/-/html2pdf.js-0.10.0.tgz",
      "integrity": "sha512-XisuzaIQRGHsdu+Xxnymffh/+M2cu4lzpFMsoMTCoq3flN0EcEVFeYhqIO2uq5FE19NoA7tWYE62lS3SeOdMqA==",
      "dev": true,
      "license": "MIT"
    }
  }
}
